// !$*UTF8*$!
{
	archiveVersion = 1;
	classes = {
	};
	objectVersion = 50;
	objects = {

/* Begin PBXBuildFile section */
		65178C82246FD28900ED3A6F /* AppDelegate.swift in Sources */ = {isa = PBXBuildFile; fileRef = 65178C81246FD28900ED3A6F /* AppDelegate.swift */; };
		65178C84246FD28900ED3A6F /* ContentView.swift in Sources */ = {isa = PBXBuildFile; fileRef = 65178C83246FD28900ED3A6F /* ContentView.swift */; };
		65178C86246FD28A00ED3A6F /* Assets.xcassets in Resources */ = {isa = PBXBuildFile; fileRef = 65178C85246FD28A00ED3A6F /* Assets.xcassets */; };
		65178C89246FD28A00ED3A6F /* Preview Assets.xcassets in Resources */ = {isa = PBXBuildFile; fileRef = 65178C88246FD28A00ED3A6F /* Preview Assets.xcassets */; };
		65178C8C246FD28A00ED3A6F /* Main.storyboard in Resources */ = {isa = PBXBuildFile; fileRef = 65178C8A246FD28A00ED3A6F /* Main.storyboard */; };
		65178C98246FD28B00ED3A6F /* BlurPIcTests.swift in Sources */ = {isa = PBXBuildFile; fileRef = 65178C97246FD28B00ED3A6F /* BlurPIcTests.swift */; };
		65178CA3246FD28B00ED3A6F /* BlurPIcUITests.swift in Sources */ = {isa = PBXBuildFile; fileRef = 65178CA2246FD28B00ED3A6F /* BlurPIcUITests.swift */; };
		65178CB524736F8000ED3A6F /* AppState.swift in Sources */ = {isa = PBXBuildFile; fileRef = 65178CB424736F8000ED3A6F /* AppState.swift */; };
/* End PBXBuildFile section */

/* Begin PBXContainerItemProxy section */
		65178C94246FD28B00ED3A6F /* PBXContainerItemProxy */ = {
			isa = PBXContainerItemProxy;
			containerPortal = 65178C76246FD28900ED3A6F /* Project object */;
			proxyType = 1;
			remoteGlobalIDString = 65178C7D246FD28900ED3A6F;
			remoteInfo = BlurPIc;
		};
		65178C9F246FD28B00ED3A6F /* PBXContainerItemProxy */ = {
			isa = PBXContainerItemProxy;
			containerPortal = 65178C76246FD28900ED3A6F /* Project object */;
			proxyType = 1;
			remoteGlobalIDString = 65178C7D246FD28900ED3A6F;
			remoteInfo = BlurPIc;
		};
/* End PBXContainerItemProxy section */

/* Begin PBXFileReference section */
		65178C7E246FD28900ED3A6F /* BlurPIc.app */ = {isa = PBXFileReference; explicitFileType = wrapper.application; includeInIndex = 0; path = BlurPIc.app; sourceTree = BUILT_PRODUCTS_DIR; };
		65178C81246FD28900ED3A6F /* AppDelegate.swift */ = {isa = PBXFileReference; lastKnownFileType = sourcecode.swift; path = AppDelegate.swift; sourceTree = "<group>"; };
		65178C83246FD28900ED3A6F /* ContentView.swift */ = {isa = PBXFileReference; lastKnownFileType = sourcecode.swift; path = ContentView.swift; sourceTree = "<group>"; };
		65178C85246FD28A00ED3A6F /* Assets.xcassets */ = {isa = PBXFileReference; lastKnownFileType = folder.assetcatalog; path = Assets.xcassets; sourceTree = "<group>"; };
		65178C88246FD28A00ED3A6F /* Preview Assets.xcassets */ = {isa = PBXFileReference; lastKnownFileType = folder.assetcatalog; path = "Preview Assets.xcassets"; sourceTree = "<group>"; };
		65178C8B246FD28A00ED3A6F /* Base */ = {isa = PBXFileReference; lastKnownFileType = file.storyboard; name = Base; path = Base.lproj/Main.storyboard; sourceTree = "<group>"; };
		65178C8D246FD28A00ED3A6F /* Info.plist */ = {isa = PBXFileReference; lastKnownFileType = text.plist.xml; path = Info.plist; sourceTree = "<group>"; };
		65178C8E246FD28A00ED3A6F /* BlurPIc.entitlements */ = {isa = PBXFileReference; lastKnownFileType = text.plist.entitlements; path = BlurPIc.entitlements; sourceTree = "<group>"; };
		65178C93246FD28B00ED3A6F /* BlurPIcTests.xctest */ = {isa = PBXFileReference; explicitFileType = wrapper.cfbundle; includeInIndex = 0; path = BlurPIcTests.xctest; sourceTree = BUILT_PRODUCTS_DIR; };
		65178C97246FD28B00ED3A6F /* BlurPIcTests.swift */ = {isa = PBXFileReference; lastKnownFileType = sourcecode.swift; path = BlurPIcTests.swift; sourceTree = "<group>"; };
		65178C99246FD28B00ED3A6F /* Info.plist */ = {isa = PBXFileReference; lastKnownFileType = text.plist.xml; path = Info.plist; sourceTree = "<group>"; };
		65178C9E246FD28B00ED3A6F /* BlurPIcUITests.xctest */ = {isa = PBXFileReference; explicitFileType = wrapper.cfbundle; includeInIndex = 0; path = BlurPIcUITests.xctest; sourceTree = BUILT_PRODUCTS_DIR; };
		65178CA2246FD28B00ED3A6F /* BlurPIcUITests.swift */ = {isa = PBXFileReference; lastKnownFileType = sourcecode.swift; path = BlurPIcUITests.swift; sourceTree = "<group>"; };
		65178CA4246FD28B00ED3A6F /* Info.plist */ = {isa = PBXFileReference; lastKnownFileType = text.plist.xml; path = Info.plist; sourceTree = "<group>"; };
		65178CB424736F8000ED3A6F /* AppState.swift */ = {isa = PBXFileReference; lastKnownFileType = sourcecode.swift; path = AppState.swift; sourceTree = "<group>"; };
/* End PBXFileReference section */

/* Begin PBXFrameworksBuildPhase section */
		65178C7B246FD28900ED3A6F /* Frameworks */ = {
			isa = PBXFrameworksBuildPhase;
			buildActionMask = 2147483647;
			files = (
			);
			runOnlyForDeploymentPostprocessing = 0;
		};
		65178C90246FD28B00ED3A6F /* Frameworks */ = {
			isa = PBXFrameworksBuildPhase;
			buildActionMask = 2147483647;
			files = (
			);
			runOnlyForDeploymentPostprocessing = 0;
		};
		65178C9B246FD28B00ED3A6F /* Frameworks */ = {
			isa = PBXFrameworksBuildPhase;
			buildActionMask = 2147483647;
			files = (
			);
			runOnlyForDeploymentPostprocessing = 0;
		};
/* End PBXFrameworksBuildPhase section */

/* Begin PBXGroup section */
		65178C75246FD28900ED3A6F = {
			isa = PBXGroup;
			children = (
				65178C80246FD28900ED3A6F /* BlurPIc */,
				65178C96246FD28B00ED3A6F /* BlurPIcTests */,
				65178CA1246FD28B00ED3A6F /* BlurPIcUITests */,
				65178C7F246FD28900ED3A6F /* Products */,
			);
			sourceTree = "<group>";
		};
		65178C7F246FD28900ED3A6F /* Products */ = {
			isa = PBXGroup;
			children = (
				65178C7E246FD28900ED3A6F /* BlurPIc.app */,
				65178C93246FD28B00ED3A6F /* BlurPIcTests.xctest */,
				65178C9E246FD28B00ED3A6F /* BlurPIcUITests.xctest */,
			);
			name = Products;
			sourceTree = "<group>";
		};
		65178C80246FD28900ED3A6F /* BlurPIc */ = {
			isa = PBXGroup;
			children = (
				65178CB424736F8000ED3A6F /* AppState.swift */,
				65178C81246FD28900ED3A6F /* AppDelegate.swift */,
				65178C83246FD28900ED3A6F /* ContentView.swift */,
				65178C85246FD28A00ED3A6F /* Assets.xcassets */,
				65178C8A246FD28A00ED3A6F /* Main.storyboard */,
				65178C8D246FD28A00ED3A6F /* Info.plist */,
				65178C8E246FD28A00ED3A6F /* BlurPIc.entitlements */,
				65178C87246FD28A00ED3A6F /* Preview Content */,
			);
			path = BlurPIc;
			sourceTree = "<group>";
		};
		65178C87246FD28A00ED3A6F /* Preview Content */ = {
			isa = PBXGroup;
			children = (
				65178C88246FD28A00ED3A6F /* Preview Assets.xcassets */,
			);
			path = "Preview Content";
			sourceTree = "<group>";
		};
		65178C96246FD28B00ED3A6F /* BlurPIcTests */ = {
			isa = PBXGroup;
			children = (
				65178C97246FD28B00ED3A6F /* BlurPIcTests.swift */,
				65178C99246FD28B00ED3A6F /* Info.plist */,
			);
			path = BlurPIcTests;
			sourceTree = "<group>";
		};
		65178CA1246FD28B00ED3A6F /* BlurPIcUITests */ = {
			isa = PBXGroup;
			children = (
				65178CA2246FD28B00ED3A6F /* BlurPIcUITests.swift */,
				65178CA4246FD28B00ED3A6F /* Info.plist */,
			);
			path = BlurPIcUITests;
			sourceTree = "<group>";
		};
/* End PBXGroup section */

/* Begin PBXNativeTarget section */
		65178C7D246FD28900ED3A6F /* BlurPIc */ = {
			isa = PBXNativeTarget;
			buildConfigurationList = 65178CA7246FD28B00ED3A6F /* Build configuration list for PBXNativeTarget "BlurPIc" */;
			buildPhases = (
				65178C7A246FD28900ED3A6F /* Sources */,
				65178C7B246FD28900ED3A6F /* Frameworks */,
				65178C7C246FD28900ED3A6F /* Resources */,
			);
			buildRules = (
			);
			dependencies = (
			);
			name = BlurPIc;
			productName = BlurPIc;
			productReference = 65178C7E246FD28900ED3A6F /* BlurPIc.app */;
			productType = "com.apple.product-type.application";
		};
		65178C92246FD28B00ED3A6F /* BlurPIcTests */ = {
			isa = PBXNativeTarget;
			buildConfigurationList = 65178CAA246FD28B00ED3A6F /* Build configuration list for PBXNativeTarget "BlurPIcTests" */;
			buildPhases = (
				65178C8F246FD28B00ED3A6F /* Sources */,
				65178C90246FD28B00ED3A6F /* Frameworks */,
				65178C91246FD28B00ED3A6F /* Resources */,
			);
			buildRules = (
			);
			dependencies = (
				65178C95246FD28B00ED3A6F /* PBXTargetDependency */,
			);
			name = BlurPIcTests;
			productName = BlurPIcTests;
			productReference = 65178C93246FD28B00ED3A6F /* BlurPIcTests.xctest */;
			productType = "com.apple.product-type.bundle.unit-test";
		};
		65178C9D246FD28B00ED3A6F /* BlurPIcUITests */ = {
			isa = PBXNativeTarget;
			buildConfigurationList = 65178CAD246FD28B00ED3A6F /* Build configuration list for PBXNativeTarget "BlurPIcUITests" */;
			buildPhases = (
				65178C9A246FD28B00ED3A6F /* Sources */,
				65178C9B246FD28B00ED3A6F /* Frameworks */,
				65178C9C246FD28B00ED3A6F /* Resources */,
			);
			buildRules = (
			);
			dependencies = (
				65178CA0246FD28B00ED3A6F /* PBXTargetDependency */,
			);
			name = BlurPIcUITests;
			productName = BlurPIcUITests;
			productReference = 65178C9E246FD28B00ED3A6F /* BlurPIcUITests.xctest */;
			productType = "com.apple.product-type.bundle.ui-testing";
		};
/* End PBXNativeTarget section */

/* Begin PBXProject section */
		65178C76246FD28900ED3A6F /* Project object */ = {
			isa = PBXProject;
			attributes = {
				LastSwiftUpdateCheck = 1140;
				LastUpgradeCheck = 1140;
				ORGANIZATIONNAME = linhui;
				TargetAttributes = {
					65178C7D246FD28900ED3A6F = {
						CreatedOnToolsVersion = 11.4.1;
					};
					65178C92246FD28B00ED3A6F = {
						CreatedOnToolsVersion = 11.4.1;
						TestTargetID = 65178C7D246FD28900ED3A6F;
					};
					65178C9D246FD28B00ED3A6F = {
						CreatedOnToolsVersion = 11.4.1;
						TestTargetID = 65178C7D246FD28900ED3A6F;
					};
				};
			};
			buildConfigurationList = 65178C79246FD28900ED3A6F /* Build configuration list for PBXProject "BlurPIc" */;
			compatibilityVersion = "Xcode 9.3";
			developmentRegion = en;
			hasScannedForEncodings = 0;
			knownRegions = (
				en,
				Base,
			);
			mainGroup = 65178C75246FD28900ED3A6F;
			productRefGroup = 65178C7F246FD28900ED3A6F /* Products */;
			projectDirPath = "";
			projectRoot = "";
			targets = (
				65178C7D246FD28900ED3A6F /* BlurPIc */,
				65178C92246FD28B00ED3A6F /* BlurPIcTests */,
				65178C9D246FD28B00ED3A6F /* BlurPIcUITests */,
			);
		};
/* End PBXProject section */

/* Begin PBXResourcesBuildPhase section */
		65178C7C246FD28900ED3A6F /* Resources */ = {
			isa = PBXResourcesBuildPhase;
			buildActionMask = 2147483647;
			files = (
				65178C8C246FD28A00ED3A6F /* Main.storyboard in Resources */,
				65178C89246FD28A00ED3A6F /* Preview Assets.xcassets in Resources */,
				65178C86246FD28A00ED3A6F /* Assets.xcassets in Resources */,
			);
			runOnlyForDeploymentPostprocessing = 0;
		};
		65178C91246FD28B00ED3A6F /* Resources */ = {
			isa = PBXResourcesBuildPhase;
			buildActionMask = 2147483647;
			files = (
			);
			runOnlyForDeploymentPostprocessing = 0;
		};
		65178C9C246FD28B00ED3A6F /* Resources */ = {
			isa = PBXResourcesBuildPhase;
			buildActionMask = 2147483647;
			files = (
			);
			runOnlyForDeploymentPostprocessing = 0;
		};
/* End PBXResourcesBuildPhase section */

/* Begin PBXSourcesBuildPhase section */
		65178C7A246FD28900ED3A6F /* Sources */ = {
			isa = PBXSourcesBuildPhase;
			buildActionMask = 2147483647;
			files = (
				65178C84246FD28900ED3A6F /* ContentView.swift in Sources */,
				65178C82246FD28900ED3A6F /* AppDelegate.swift in Sources */,
				65178CB524736F8000ED3A6F /* AppState.swift in Sources */,
			);
			runOnlyForDeploymentPostprocessing = 0;
		};
		65178C8F246FD28B00ED3A6F /* Sources */ = {
			isa = PBXSourcesBuildPhase;
			buildActionMask = 2147483647;
			files = (
				65178C98246FD28B00ED3A6F /* BlurPIcTests.swift in Sources */,
			);
			runOnlyForDeploymentPostprocessing = 0;
		};
		65178C9A246FD28B00ED3A6F /* Sources */ = {
			isa = PBXSourcesBuildPhase;
			buildActionMask = 2147483647;
			files = (
				65178CA3246FD28B00ED3A6F /* BlurPIcUITests.swift in Sources */,
			);
			runOnlyForDeploymentPostprocessing = 0;
		};
/* End PBXSourcesBuildPhase section */

/* Begin PBXTargetDependency section */
		65178C95246FD28B00ED3A6F /* PBXTargetDependency */ = {
			isa = PBXTargetDependency;
			target = 65178C7D246FD28900ED3A6F /* BlurPIc */;
			targetProxy = 65178C94246FD28B00ED3A6F /* PBXContainerItemProxy */;
		};
		65178CA0246FD28B00ED3A6F /* PBXTargetDependency */ = {
			isa = PBXTargetDependency;
			target = 65178C7D246FD28900ED3A6F /* BlurPIc */;
			targetProxy = 65178C9F246FD28B00ED3A6F /* PBXContainerItemProxy */;
		};
/* End PBXTargetDependency section */

/* Begin PBXVariantGroup section */
		65178C8A246FD28A00ED3A6F /* Main.storyboard */ = {
			isa = PBXVariantGroup;
			children = (
				65178C8B246FD28A00ED3A6F /* Base */,
			);
			name = Main.storyboard;
			sourceTree = "<group>";
		};
/* End PBXVariantGroup section */

/* Begin XCBuildConfiguration section */
		65178CA5246FD28B00ED3A6F /* Debug */ = {
			isa = XCBuildConfiguration;
			buildSettings = {
				ALWAYS_SEARCH_USER_PATHS = NO;
				CLANG_ANALYZER_NONNULL = YES;
				CLANG_ANALYZER_NUMBER_OBJECT_CONVERSION = YES_AGGRESSIVE;
				CLANG_CXX_LANGUAGE_STANDARD = "gnu++14";
				CLANG_CXX_LIBRARY = "libc++";
				CLANG_ENABLE_MODULES = YES;
				CLANG_ENABLE_OBJC_ARC = YES;
				CLANG_ENABLE_OBJC_WEAK = YES;
				CLANG_WARN_BLOCK_CAPTURE_AUTORELEASING = YES;
				CLANG_WARN_BOOL_CONVERSION = YES;
				CLANG_WARN_COMMA = YES;
				CLANG_WARN_CONSTANT_CONVERSION = YES;
				CLANG_WARN_DEPRECATED_OBJC_IMPLEMENTATIONS = YES;
				CLANG_WARN_DIRECT_OBJC_ISA_USAGE = YES_ERROR;
				CLANG_WARN_DOCUMENTATION_COMMENTS = YES;
				CLANG_WARN_EMPTY_BODY = YES;
				CLANG_WARN_ENUM_CONVERSION = YES;
				CLANG_WARN_INFINITE_RECURSION = YES;
				CLANG_WARN_INT_CONVERSION = YES;
				CLANG_WARN_NON_LITERAL_NULL_CONVERSION = YES;
				CLANG_WARN_OBJC_IMPLICIT_RETAIN_SELF = YES;
				CLANG_WARN_OBJC_LITERAL_CONVERSION = YES;
				CLANG_WARN_OBJC_ROOT_CLASS = YES_ERROR;
				CLANG_WARN_RANGE_LOOP_ANALYSIS = YES;
				CLANG_WARN_STRICT_PROTOTYPES = YES;
				CLANG_WARN_SUSPICIOUS_MOVE = YES;
				CLANG_WARN_UNGUARDED_AVAILABILITY = YES_AGGRESSIVE;
				CLANG_WARN_UNREACHABLE_CODE = YES;
				CLANG_WARN__DUPLICATE_METHOD_MATCH = YES;
				COPY_PHASE_STRIP = NO;
				DEBUG_INFORMATION_FORMAT = dwarf;
				ENABLE_STRICT_OBJC_MSGSEND = YES;
				ENABLE_TESTABILITY = YES;
				GCC_C_LANGUAGE_STANDARD = gnu11;
				GCC_DYNAMIC_NO_PIC = NO;
				GCC_NO_COMMON_BLOCKS = YES;
				GCC_OPTIMIZATION_LEVEL = 0;
				GCC_PREPROCESSOR_DEFINITIONS = (
					"DEBUG=1",
					"$(inherited)",
				);
				GCC_WARN_64_TO_32_BIT_CONVERSION = YES;
				GCC_WARN_ABOUT_RETURN_TYPE = YES_ERROR;
				GCC_WARN_UNDECLARED_SELECTOR = YES;
				GCC_WARN_UNINITIALIZED_AUTOS = YES_AGGRESSIVE;
				GCC_WARN_UNUSED_FUNCTION = YES;
				GCC_WARN_UNUSED_VARIABLE = YES;
				MACOSX_DEPLOYMENT_TARGET = 10.15;
				MTL_ENABLE_DEBUG_INFO = INCLUDE_SOURCE;
				MTL_FAST_MATH = YES;
				ONLY_ACTIVE_ARCH = YES;
				SDKROOT = macosx;
				SWIFT_ACTIVE_COMPILATION_CONDITIONS = DEBUG;
				SWIFT_OPTIMIZATION_LEVEL = "-Onone";
			};
			name = Debug;
		};
		65178CA6246FD28B00ED3A6F /* Release */ = {
			isa = XCBuildConfiguration;
			buildSettings = {
				ALWAYS_SEARCH_USER_PATHS = NO;
				CLANG_ANALYZER_NONNULL = YES;
				CLANG_ANALYZER_NUMBER_OBJECT_CONVERSION = YES_AGGRESSIVE;
				CLANG_CXX_LANGUAGE_STANDARD = "gnu++14";
				CLANG_CXX_LIBRARY = "libc++";
				CLANG_ENABLE_MODULES = YES;
				CLANG_ENABLE_OBJC_ARC = YES;
				CLANG_ENABLE_OBJC_WEAK = YES;
				CLANG_WARN_BLOCK_CAPTURE_AUTORELEASING = YES;
				CLANG_WARN_BOOL_CONVERSION = YES;
				CLANG_WARN_COMMA = YES;
				CLANG_WARN_CONSTANT_CONVERSION = YES;
				CLANG_WARN_DEPRECATED_OBJC_IMPLEMENTATIONS = YES;
				CLANG_WARN_DIRECT_OBJC_ISA_USAGE = YES_ERROR;
				CLANG_WARN_DOCUMENTATION_COMMENTS = YES;
				CLANG_WARN_EMPTY_BODY = YES;
				CLANG_WARN_ENUM_CONVERSION = YES;
				CLANG_WARN_INFINITE_RECURSION = YES;
				CLANG_WARN_INT_CONVERSION = YES;
				CLANG_WARN_NON_LITERAL_NULL_CONVERSION = YES;
				CLANG_WARN_OBJC_IMPLICIT_RETAIN_SELF = YES;
				CLANG_WARN_OBJC_LITERAL_CONVERSION = YES;
				CLANG_WARN_OBJC_ROOT_CLASS = YES_ERROR;
				CLANG_WARN_RANGE_LOOP_ANALYSIS = YES;
				CLANG_WARN_STRICT_PROTOTYPES = YES;
				CLANG_WARN_SUSPICIOUS_MOVE = YES;
				CLANG_WARN_UNGUARDED_AVAILABILITY = YES_AGGRESSIVE;
				CLANG_WARN_UNREACHABLE_CODE = YES;
				CLANG_WARN__DUPLICATE_METHOD_MATCH = YES;
				COPY_PHASE_STRIP = NO;
				DEBUG_INFORMATION_FORMAT = "dwarf-with-dsym";
				ENABLE_NS_ASSERTIONS = NO;
				ENABLE_STRICT_OBJC_MSGSEND = YES;
				GCC_C_LANGUAGE_STANDARD = gnu11;
				GCC_NO_COMMON_BLOCKS = YES;
				GCC_WARN_64_TO_32_BIT_CONVERSION = YES;
				GCC_WARN_ABOUT_RETURN_TYPE = YES_ERROR;
				GCC_WARN_UNDECLARED_SELECTOR = YES;
				GCC_WARN_UNINITIALIZED_AUTOS = YES_AGGRESSIVE;
				GCC_WARN_UNUSED_FUNCTION = YES;
				GCC_WARN_UNUSED_VARIABLE = YES;
				MACOSX_DEPLOYMENT_TARGET = 10.15;
				MTL_ENABLE_DEBUG_INFO = NO;
				MTL_FAST_MATH = YES;
				SDKROOT = macosx;
				SWIFT_COMPILATION_MODE = wholemodule;
				SWIFT_OPTIMIZATION_LEVEL = "-O";
			};
			name = Release;
		};
		65178CA8246FD28B00ED3A6F /* Debug */ = {
			isa = XCBuildConfiguration;
			buildSettings = {
				ASSETCATALOG_COMPILER_APPICON_NAME = AppIcon;
				CODE_SIGN_ENTITLEMENTS = BlurPIc/BlurPIc.entitlements;
				CODE_SIGN_STYLE = Automatic;
				COMBINE_HIDPI_IMAGES = YES;
				DEVELOPMENT_ASSET_PATHS = "\"BlurPIc/Preview Content\"";
				ENABLE_PREVIEWS = YES;
				INFOPLIST_FILE = BlurPIc/Info.plist;
				LD_RUNPATH_SEARCH_PATHS = (
					"$(inherited)",
					"@executable_path/../Frameworks",
				);
				MACOSX_DEPLOYMENT_TARGET = 10.15;
				PRODUCT_BUNDLE_IDENTIFIER = com.linsyorozuya.BlurPIc;
				PRODUCT_NAME = "$(TARGET_NAME)";
				SWIFT_VERSION = 5.0;
			};
			name = Debug;
		};
		65178CA9246FD28B00ED3A6F /* Release */ = {
			isa = XCBuildConfiguration;
			buildSettings = {
				ASSETCATALOG_COMPILER_APPICON_NAME = AppIcon;
				CODE_SIGN_ENTITLEMENTS = BlurPIc/BlurPIc.entitlements;
				CODE_SIGN_STYLE = Automatic;
				COMBINE_HIDPI_IMAGES = YES;
				DEVELOPMENT_ASSET_PATHS = "\"BlurPIc/Preview Content\"";
				ENABLE_PREVIEWS = YES;
				INFOPLIST_FILE = BlurPIc/Info.plist;
				LD_RUNPATH_SEARCH_PATHS = (
					"$(inherited)",
					"@executable_path/../Frameworks",
				);
				MACOSX_DEPLOYMENT_TARGET = 10.15;
				PRODUCT_BUNDLE_IDENTIFIER = com.linsyorozuya.BlurPIc;
				PRODUCT_NAME = "$(TARGET_NAME)";
				SWIFT_VERSION = 5.0;
			};
			name = Release;
		};
		65178CAB246FD28B00ED3A6F /* Debug */ = {
			isa = XCBuildConfiguration;
			buildSettings = {
				ALWAYS_EMBED_SWIFT_STANDARD_LIBRARIES = YES;
				BUNDLE_LOADER = "$(TEST_HOST)";
				CODE_SIGN_STYLE = Automatic;
				COMBINE_HIDPI_IMAGES = YES;
				INFOPLIST_FILE = BlurPIcTests/Info.plist;
				LD_RUNPATH_SEARCH_PATHS = (
					"$(inherited)",
					"@executable_path/../Frameworks",
					"@loader_path/../Frameworks",
				);
				MACOSX_DEPLOYMENT_TARGET = 10.15;
				PRODUCT_BUNDLE_IDENTIFIER = com.linsyorozuya.BlurPIcTests;
				PRODUCT_NAME = "$(TARGET_NAME)";
				SWIFT_VERSION = 5.0;
				TEST_HOST = "$(BUILT_PRODUCTS_DIR)/BlurPIc.app/Contents/MacOS/BlurPIc";
			};
			name = Debug;
		};
		65178CAC246FD28B00ED3A6F /* Release */ = {
			isa = XCBuildConfiguration;
			buildSettings = {
				ALWAYS_EMBED_SWIFT_STANDARD_LIBRARIES = YES;
				BUNDLE_LOADER = "$(TEST_HOST)";
				CODE_SIGN_STYLE = Automatic;
				COMBINE_HIDPI_IMAGES = YES;
				INFOPLIST_FILE = BlurPIcTests/Info.plist;
				LD_RUNPATH_SEARCH_PATHS = (
					"$(inherited)",
					"@executable_path/../Frameworks",
					"@loader_path/../Frameworks",
				);
				MACOSX_DEPLOYMENT_TARGET = 10.15;
				PRODUCT_BUNDLE_IDENTIFIER = com.linsyorozuya.BlurPIcTests;
				PRODUCT_NAME = "$(TARGET_NAME)";
				SWIFT_VERSION = 5.0;
				TEST_HOST = "$(BUILT_PRODUCTS_DIR)/BlurPIc.app/Contents/MacOS/BlurPIc";
			};
			name = Release;
		};
		65178CAE246FD28B00ED3A6F /* Debug */ = {
			isa = XCBuildConfiguration;
			buildSettings = {
				ALWAYS_EMBED_SWIFT_STANDARD_LIBRARIES = YES;
				CODE_SIGN_STYLE = Automatic;
				COMBINE_HIDPI_IMAGES = YES;
				INFOPLIST_FILE = BlurPIcUITests/Info.plist;
				LD_RUNPATH_SEARCH_PATHS = (
					"$(inherited)",
					"@executable_path/../Frameworks",
					"@loader_path/../Frameworks",
				);
				PRODUCT_BUNDLE_IDENTIFIER = com.linsyorozuya.BlurPIcUITests;
				PRODUCT_NAME = "$(TARGET_NAME)";
				SWIFT_VERSION = 5.0;
				TEST_TARGET_NAME = BlurPIc;
			};
			name = Debug;
		};
		65178CAF246FD28B00ED3A6F /* Release */ = {
			isa = XCBuildConfiguration;
			buildSettings = {
				ALWAYS_EMBED_SWIFT_STANDARD_LIBRARIES = YES;
				CODE_SIGN_STYLE = Automatic;
				COMBINE_HIDPI_IMAGES = YES;
				INFOPLIST_FILE = BlurPIcUITests/Info.plist;
				LD_RUNPATH_SEARCH_PATHS = (
					"$(inherited)",
					"@executable_path/../Frameworks",
					"@loader_path/../Frameworks",
				);
				PRODUCT_BUNDLE_IDENTIFIER = com.linsyorozuya.BlurPIcUITests;
				PRODUCT_NAME = "$(TARGET_NAME)";
				SWIFT_VERSION = 5.0;
				TEST_TARGET_NAME = BlurPIc;
			};
			name = Release;
		};
/* End XCBuildConfiguration section */

/* Begin XCConfigurationList section */
		65178C79246FD28900ED3A6F /* Build configuration list for PBXProject "BlurPIc" */ = {
			isa = XCConfigurationList;
			buildConfigurations = (
				65178CA5246FD28B00ED3A6F /* Debug */,
				65178CA6246FD28B00ED3A6F /* Release */,
			);
			defaultConfigurationIsVisible = 0;
			defaultConfigurationName = Release;
		};
		65178CA7246FD28B00ED3A6F /* Build configuration list for PBXNativeTarget "BlurPIc" */ = {
			isa = XCConfigurationList;
			buildConfigurations = (
				65178CA8246FD28B00ED3A6F /* Debug */,
				65178CA9246FD28B00ED3A6F /* Release */,
			);
			defaultConfigurationIsVisible = 0;
			defaultConfigurationName = Release;
		};
		65178CAA246FD28B00ED3A6F /* Build configuration list for PBXNativeTarget "BlurPIcTests" */ = {
			isa = XCConfigurationList;
			buildConfigurations = (
				65178CAB246FD28B00ED3A6F /* Debug */,
				65178CAC246FD28B00ED3A6F /* Release */,
			);
			defaultConfigurationIsVisible = 0;
			defaultConfigurationName = Release;
		};
		65178CAD246FD28B00ED3A6F /* Build configuration list for PBXNativeTarget "BlurPIcUITests" */ = {
			isa = XCConfigurationList;
			buildConfigurations = (
				65178CAE246FD28B00ED3A6F /* Debug */,
				65178CAF246FD28B00ED3A6F /* Release */,
			);
			defaultConfigurationIsVisible = 0;
			defaultConfigurationName = Release;
		};
/* End XCConfigurationList section */
	};
	rootObject = 65178C76246FD28900ED3A6F /* Project object */;
}
